
Microsoft Visual Studio Solution File, Format Version 12.00
# Visual Studio Version 17
VisualStudioVersion = 17.10.34916.146
MinimumVisualStudioVersion = 10.0.40219.1
Project("{FAE04EC0-301F-11D3-BF4B-00C04F79EFBC}") = "ObjectFinalizerTest", "ObjectFinalizerTest\ObjectFinalizerTest.csproj", "{1C2F9CAC-10EE-4D9A-8914-E5FF2743A89D}"
EndProject
Global
	GlobalSection(SolutionConfigurationPlatforms) = preSolution
		Debug|Any CPU = Debug|Any CPU
		Release|Any CPU = Release|Any CPU
	EndGlobalSection
	GlobalSection(ProjectConfigurationPlatforms) = postSolution
		{1C2F9CAC-10EE-4D9A-8914-E5FF2743A89D}.Debug|Any CPU.ActiveCfg = Debug|Any CPU
		{1C2F9CAC-10EE-4D9A-8914-E5FF2743A89D}.Debug|Any CPU.Build.0 = Debug|Any CPU
		{1C2F9CAC-10EE-4D9A-8914-E5FF2743A89D}.Release|Any CPU.ActiveCfg = Release|Any CPU
		{1C2F9CAC-10EE-4D9A-8914-E5FF2743A89D}.Release|Any CPU.Build.0 = Release|Any CPU
	EndGlobalSection
	GlobalSection(SolutionProperties) = preSolution
		HideSolutionNode = FALSE
	EndGlobalSection
	GlobalSection(ExtensibilityGlobals) = postSolution
		SolutionGuid = {42A43323-A80C-42EF-94E7-833D5FD49D14}
	EndGlobalSection
EndGlobal
